{
  "name": "big-mart-sales-prediction",
  "version": "1.0.0",
  "description": "A Flask application for predicting sales using machine learning.",
  "main": "app.py",
  "scripts": {
    "start": "python app.py"
  },
  "dependencies": {
    "flask": "^3.0.3",
    "numpy": "^1.26.4",
    "pandas": "^2.2.2",
    "scikit-learn": "^1.5.2",
    "matplotlib": "^3.9.2",
    "xgboost": "^2.1.2"
  },
  "devDependencies": {},
  "keywords": [
    "flask",
    "machine-learning",
    "sales-prediction"
  ],
  "author": "Neha-1502",
  "license": "MIT"
}